
Microsoft Visual Studio Solution File, Format Version 12.00
# Visual Studio 15
VisualStudioVersion = 15.0.27130.2027
MinimumVisualStudioVersion = 10.0.40219.1
Project("{FAE04EC0-301F-11D3-BF4B-00C04F79EFBC}") = "MyWebsite", "MyWebsite\MyWebsite.csproj", "{0B6660B9-1B01-4E04-978C-8ABD001DC20E}"
EndProject
Global
	GlobalSection(SolutionConfigurationPlatforms) = preSolution
		Debug|Any CPU = Debug|Any CPU
		Release|Any CPU = Release|Any CPU
	EndGlobalSection
	GlobalSection(ProjectConfigurationPlatforms) = postSolution
		{0B6660B9-1B01-4E04-978C-8ABD001DC20E}.Debug|Any CPU.ActiveCfg = Debug|Any CPU
		{0B6660B9-1B01-4E04-978C-8ABD001DC20E}.Debug|Any CPU.Build.0 = Debug|Any CPU
		{0B6660B9-1B01-4E04-978C-8ABD001DC20E}.Release|Any CPU.ActiveCfg = Release|Any CPU
		{0B6660B9-1B01-4E04-978C-8ABD001DC20E}.Release|Any CPU.Build.0 = Release|Any CPU
	EndGlobalSection
	GlobalSection(SolutionProperties) = preSolution
		HideSolutionNode = FALSE
	EndGlobalSection
	GlobalSection(ExtensibilityGlobals) = postSolution
		SolutionGuid = {5492C94F-F57A-4B9F-A0AE-A8ADE5946975}
	EndGlobalSection
EndGlobal
